// !$*UTF8*$!
{
	archiveVersion = 1;
	classes = {
	};
	objectVersion = 46;
	objects = {

/* Begin PBXBuildFile section */
		E8EDB8851DE2181B0062268D /* api.c in Sources */ = {isa = PBXBuildFile; fileRef = OBJ_10 /* api.c */; };
		E8EDB8861DE2181B0062268D /* dumper.c in Sources */ = {isa = PBXBuildFile; fileRef = OBJ_11 /* dumper.c */; };
		E8EDB8871DE2181B0062268D /* emitter.c in Sources */ = {isa = PBXBuildFile; fileRef = OBJ_12 /* emitter.c */; };
		E8EDB8881DE2181B0062268D /* loader.c in Sources */ = {isa = PBXBuildFile; fileRef = OBJ_13 /* loader.c */; };
		E8EDB8891DE2181B0062268D /* parser.c in Sources */ = {isa = PBXBuildFile; fileRef = OBJ_14 /* parser.c */; };
		E8EDB88A1DE2181B0062268D /* reader.c in Sources */ = {isa = PBXBuildFile; fileRef = OBJ_15 /* reader.c */; };
		E8EDB88B1DE2181B0062268D /* scanner.c in Sources */ = {isa = PBXBuildFile; fileRef = OBJ_16 /* scanner.c */; };
		E8EDB88C1DE2181B0062268D /* writer.c in Sources */ = {isa = PBXBuildFile; fileRef = OBJ_17 /* writer.c */; };
		E8EDB88E1DE218420062268D /* yaml.h in Headers */ = {isa = PBXBuildFile; fileRef = OBJ_19 /* yaml.h */; settings = {ATTRIBUTES = (Public, ); }; };
		OBJ_50 /* Yams.swift in Sources */ = {isa = PBXBuildFile; fileRef = OBJ_22 /* Yams.swift */; };
		OBJ_59 /* YamsTests.swift in Sources */ = {isa = PBXBuildFile; fileRef = OBJ_25 /* YamsTests.swift */; };
		OBJ_62 /* Yams.framework in Frameworks */ = {isa = PBXBuildFile; fileRef = OBJ_28 /* Yams.framework */; };
/* End PBXBuildFile section */

/* Begin PBXContainerItemProxy section */
		E8C81DAA1DE0FE6600D40FD7 /* PBXContainerItemProxy */ = {
			isa = PBXContainerItemProxy;
			containerPortal = OBJ_1 /* Project object */;
			proxyType = 1;
			remoteGlobalIDString = OBJ_45;
			remoteInfo = Yams;
		};
/* End PBXContainerItemProxy section */

/* Begin PBXFileReference section */
		OBJ_10 /* api.c */ = {isa = PBXFileReference; lastKnownFileType = sourcecode.c.c; path = api.c; sourceTree = "<group>"; };
		OBJ_11 /* dumper.c */ = {isa = PBXFileReference; lastKnownFileType = sourcecode.c.c; path = dumper.c; sourceTree = "<group>"; };
		OBJ_12 /* emitter.c */ = {isa = PBXFileReference; lastKnownFileType = sourcecode.c.c; path = emitter.c; sourceTree = "<group>"; };
		OBJ_13 /* loader.c */ = {isa = PBXFileReference; lastKnownFileType = sourcecode.c.c; path = loader.c; sourceTree = "<group>"; };
		OBJ_14 /* parser.c */ = {isa = PBXFileReference; lastKnownFileType = sourcecode.c.c; path = parser.c; sourceTree = "<group>"; };
		OBJ_15 /* reader.c */ = {isa = PBXFileReference; lastKnownFileType = sourcecode.c.c; path = reader.c; sourceTree = "<group>"; };
		OBJ_16 /* scanner.c */ = {isa = PBXFileReference; lastKnownFileType = sourcecode.c.c; path = scanner.c; sourceTree = "<group>"; };
		OBJ_17 /* writer.c */ = {isa = PBXFileReference; lastKnownFileType = sourcecode.c.c; path = writer.c; sourceTree = "<group>"; };
		OBJ_19 /* yaml.h */ = {isa = PBXFileReference; lastKnownFileType = sourcecode.c.h; path = yaml.h; sourceTree = "<group>"; };
		OBJ_22 /* Yams.swift */ = {isa = PBXFileReference; lastKnownFileType = sourcecode.swift; path = Yams.swift; sourceTree = "<group>"; };
		OBJ_25 /* YamsTests.swift */ = {isa = PBXFileReference; lastKnownFileType = sourcecode.swift; path = YamsTests.swift; sourceTree = "<group>"; };
		OBJ_28 /* Yams.framework */ = {isa = PBXFileReference; explicitFileType = wrapper.framework; path = Yams.framework; sourceTree = BUILT_PRODUCTS_DIR; };
		OBJ_29 /* YamsTests.xctest */ = {isa = PBXFileReference; explicitFileType = wrapper.cfbundle; path = YamsTests.xctest; sourceTree = BUILT_PRODUCTS_DIR; };
		OBJ_6 /* Package.swift */ = {isa = PBXFileReference; explicitFileType = sourcecode.swift; path = Package.swift; sourceTree = "<group>"; };
/* End PBXFileReference section */

/* Begin PBXFrameworksBuildPhase section */
		OBJ_51 /* Frameworks */ = {
			isa = PBXFrameworksBuildPhase;
			buildActionMask = 0;
			files = (
			);
			runOnlyForDeploymentPostprocessing = 0;
		};
		OBJ_60 /* Frameworks */ = {
			isa = PBXFrameworksBuildPhase;
			buildActionMask = 0;
			files = (
				OBJ_62 /* Yams.framework in Frameworks */,
			);
			runOnlyForDeploymentPostprocessing = 0;
		};
/* End PBXFrameworksBuildPhase section */

/* Begin PBXGroup section */
		OBJ_18 /* include */ = {
			isa = PBXGroup;
			children = (
				OBJ_19 /* yaml.h */,
			);
			path = include;
			sourceTree = "<group>";
		};
		OBJ_21 /* Yams */ = {
			isa = PBXGroup;
			children = (
				OBJ_22 /* Yams.swift */,
			);
			name = Yams;
			path = Sources/Yams;
			sourceTree = SOURCE_ROOT;
		};
		OBJ_23 /* Tests */ = {
			isa = PBXGroup;
			children = (
				OBJ_24 /* YamsTests */,
			);
			path = Tests;
			sourceTree = "<group>";
		};
		OBJ_24 /* YamsTests */ = {
			isa = PBXGroup;
			children = (
				OBJ_25 /* YamsTests.swift */,
			);
			name = YamsTests;
			path = Tests/YamsTests;
			sourceTree = SOURCE_ROOT;
		};
		OBJ_26 /* Products */ = {
			isa = PBXGroup;
			children = (
				OBJ_28 /* Yams.framework */,
				OBJ_29 /* YamsTests.xctest */,
			);
			name = Products;
			sourceTree = BUILT_PRODUCTS_DIR;
		};
		OBJ_5 = {
			isa = PBXGroup;
			children = (
				OBJ_6 /* Package.swift */,
				OBJ_7 /* Sources */,
				OBJ_23 /* Tests */,
				OBJ_26 /* Products */,
			);
			sourceTree = "<group>";
		};
		OBJ_7 /* Sources */ = {
			isa = PBXGroup;
			children = (
				OBJ_8 /* CYaml */,
				OBJ_21 /* Yams */,
			);
			path = Sources;
			sourceTree = "<group>";
		};
		OBJ_8 /* CYaml */ = {
			isa = PBXGroup;
			children = (
				OBJ_9 /* src */,
				OBJ_18 /* include */,
			);
			name = CYaml;
			path = Sources/CYaml;
			sourceTree = SOURCE_ROOT;
		};
		OBJ_9 /* src */ = {
			isa = PBXGroup;
			children = (
				OBJ_10 /* api.c */,
				OBJ_11 /* dumper.c */,
				OBJ_12 /* emitter.c */,
				OBJ_13 /* loader.c */,
				OBJ_14 /* parser.c */,
				OBJ_15 /* reader.c */,
				OBJ_16 /* scanner.c */,
				OBJ_17 /* writer.c */,
			);
			path = src;
			sourceTree = "<group>";
		};
/* End PBXGroup section */

/* Begin PBXHeadersBuildPhase section */
		E8EDB88D1DE2183E0062268D /* Headers */ = {
			isa = PBXHeadersBuildPhase;
			buildActionMask = 2147483647;
			files = (
				E8EDB88E1DE218420062268D /* yaml.h in Headers */,
			);
			runOnlyForDeploymentPostprocessing = 0;
		};
/* End PBXHeadersBuildPhase section */

/* Begin PBXNativeTarget section */
		OBJ_45 /* Yams */ = {
			isa = PBXNativeTarget;
			buildConfigurationList = OBJ_46 /* Build configuration list for PBXNativeTarget "Yams" */;
			buildPhases = (
				OBJ_49 /* Sources */,
				OBJ_51 /* Frameworks */,
				E8EDB88D1DE2183E0062268D /* Headers */,
			);
			buildRules = (
			);
			dependencies = (
			);
			name = Yams;
			productName = Yams;
			productReference = OBJ_28 /* Yams.framework */;
			productType = "com.apple.product-type.framework";
		};
		OBJ_54 /* YamsTests */ = {
			isa = PBXNativeTarget;
			buildConfigurationList = OBJ_55 /* Build configuration list for PBXNativeTarget "YamsTests" */;
			buildPhases = (
				OBJ_58 /* Sources */,
				OBJ_60 /* Frameworks */,
			);
			buildRules = (
			);
			dependencies = (
				OBJ_64 /* PBXTargetDependency */,
			);
			name = YamsTests;
			productName = YamsTests;
			productReference = OBJ_29 /* YamsTests.xctest */;
			productType = "com.apple.product-type.bundle.unit-test";
		};
/* End PBXNativeTarget section */

/* Begin PBXProject section */
		OBJ_1 /* Project object */ = {
			isa = PBXProject;
			attributes = {
				LastUpgradeCheck = 9999;
			};
			buildConfigurationList = OBJ_2 /* Build configuration list for PBXProject "Yams" */;
			compatibilityVersion = "Xcode 3.2";
			developmentRegion = English;
			hasScannedForEncodings = 0;
			knownRegions = (
				en,
			);
			mainGroup = OBJ_5;
			productRefGroup = OBJ_26 /* Products */;
			projectDirPath = "";
			projectRoot = "";
			targets = (
				OBJ_45 /* Yams */,
				OBJ_54 /* YamsTests */,
			);
		};
/* End PBXProject section */

/* Begin PBXSourcesBuildPhase section */
		OBJ_49 /* Sources */ = {
			isa = PBXSourcesBuildPhase;
			buildActionMask = 0;
			files = (
				E8EDB8871DE2181B0062268D /* emitter.c in Sources */,
				E8EDB8851DE2181B0062268D /* api.c in Sources */,
				E8EDB8861DE2181B0062268D /* dumper.c in Sources */,
				E8EDB8881DE2181B0062268D /* loader.c in Sources */,
				E8EDB88C1DE2181B0062268D /* writer.c in Sources */,
				E8EDB88B1DE2181B0062268D /* scanner.c in Sources */,
				E8EDB8891DE2181B0062268D /* parser.c in Sources */,
				OBJ_50 /* Yams.swift in Sources */,
				E8EDB88A1DE2181B0062268D /* reader.c in Sources */,
			);
			runOnlyForDeploymentPostprocessing = 0;
		};
		OBJ_58 /* Sources */ = {
			isa = PBXSourcesBuildPhase;
			buildActionMask = 0;
			files = (
				OBJ_59 /* YamsTests.swift in Sources */,
			);
			runOnlyForDeploymentPostprocessing = 0;
		};
/* End PBXSourcesBuildPhase section */

/* Begin PBXTargetDependency section */
		OBJ_64 /* PBXTargetDependency */ = {
			isa = PBXTargetDependency;
			target = OBJ_45 /* Yams */;
			targetProxy = E8C81DAA1DE0FE6600D40FD7 /* PBXContainerItemProxy */;
		};
/* End PBXTargetDependency section */

/* Begin XCBuildConfiguration section */
		OBJ_3 /* Debug */ = {
			isa = XCBuildConfiguration;
			buildSettings = {
				COMBINE_HIDPI_IMAGES = YES;
				COPY_PHASE_STRIP = NO;
				DEBUG_INFORMATION_FORMAT = dwarf;
				DYLIB_INSTALL_NAME_BASE = "@rpath";
				ENABLE_NS_ASSERTIONS = YES;
				GCC_OPTIMIZATION_LEVEL = 0;
				MACOSX_DEPLOYMENT_TARGET = 10.10;
				ONLY_ACTIVE_ARCH = YES;
				OTHER_SWIFT_FLAGS = "-DXcode";
				PRODUCT_NAME = "$(TARGET_NAME)";
				SUPPORTED_PLATFORMS = "macosx iphoneos iphonesimulator appletvos appletvsimulator watchos watchsimulator";
				SWIFT_OPTIMIZATION_LEVEL = "-Onone";
				USE_HEADERMAP = NO;
			};
			name = Debug;
		};
		OBJ_4 /* Release */ = {
			isa = XCBuildConfiguration;
			buildSettings = {
				COMBINE_HIDPI_IMAGES = YES;
				COPY_PHASE_STRIP = YES;
				DEBUG_INFORMATION_FORMAT = "dwarf-with-dsym";
				DYLIB_INSTALL_NAME_BASE = "@rpath";
				GCC_OPTIMIZATION_LEVEL = s;
				MACOSX_DEPLOYMENT_TARGET = 10.10;
				OTHER_SWIFT_FLAGS = "-DXcode";
				PRODUCT_NAME = "$(TARGET_NAME)";
				SUPPORTED_PLATFORMS = "macosx iphoneos iphonesimulator appletvos appletvsimulator watchos watchsimulator";
				SWIFT_OPTIMIZATION_LEVEL = "-O";
				USE_HEADERMAP = NO;
			};
			name = Release;
		};
		OBJ_47 /* Debug */ = {
			isa = XCBuildConfiguration;
			buildSettings = {
				ENABLE_TESTABILITY = YES;
				FRAMEWORK_SEARCH_PATHS = "$(PLATFORM_DIR)/Developer/Library/Frameworks";
				HEADER_SEARCH_PATHS = Sources/CYaml/include;
				INFOPLIST_FILE = Yams.xcodeproj/Yams_Info.plist;
				LD_RUNPATH_SEARCH_PATHS = "$(TOOLCHAIN_DIR)/usr/lib/swift/macosx";
				LIBRARY_SEARCH_PATHS = "$(PROJECT_TEMP_DIR)/SymlinkLibs/";
				OTHER_LDFLAGS = "$(inherited)";
				OTHER_SWIFT_FLAGS = "$(inherited)";
				PRODUCT_BUNDLE_IDENTIFIER = Yams;
				PRODUCT_MODULE_NAME = "$(TARGET_NAME:c99extidentifier)";
				PRODUCT_NAME = "$(TARGET_NAME:c99extidentifier)";
				SUPPORTED_PLATFORMS = macosx;
				SWIFT_ACTIVE_COMPILATION_CONDITIONS = "";
				SWIFT_OBJC_BRIDGING_HEADER = Sources/CYaml/include/yaml.h;
				SWIFT_VERSION = 3.0;
				TARGET_NAME = Yams;
				WARNING_CFLAGS = "-Wall";
			};
			name = Debug;
		};
		OBJ_48 /* Release */ = {
			isa = XCBuildConfiguration;
			buildSettings = {
				ENABLE_TESTABILITY = YES;
				FRAMEWORK_SEARCH_PATHS = "$(PLATFORM_DIR)/Developer/Library/Frameworks";
				HEADER_SEARCH_PATHS = Sources/CYaml/include;
				INFOPLIST_FILE = Yams.xcodeproj/Yams_Info.plist;
				LD_RUNPATH_SEARCH_PATHS = "$(TOOLCHAIN_DIR)/usr/lib/swift/macosx";
				LIBRARY_SEARCH_PATHS = "$(PROJECT_TEMP_DIR)/SymlinkLibs/";
				OTHER_LDFLAGS = "$(inherited)";
				OTHER_SWIFT_FLAGS = "$(inherited)";
				PRODUCT_BUNDLE_IDENTIFIER = Yams;
				PRODUCT_MODULE_NAME = "$(TARGET_NAME:c99extidentifier)";
				PRODUCT_NAME = "$(TARGET_NAME:c99extidentifier)";
				SUPPORTED_PLATFORMS = macosx;
				SWIFT_ACTIVE_COMPILATION_CONDITIONS = "";
				SWIFT_OBJC_BRIDGING_HEADER = Sources/CYaml/include/yaml.h;
				SWIFT_VERSION = 3.0;
				TARGET_NAME = Yams;
				WARNING_CFLAGS = "-Wall";
			};
			name = Release;
		};
		OBJ_56 /* Debug */ = {
			isa = XCBuildConfiguration;
			buildSettings = {
				EMBEDDED_CONTENT_CONTAINS_SWIFT = YES;
				FRAMEWORK_SEARCH_PATHS = "$(PLATFORM_DIR)/Developer/Library/Frameworks";
				HEADER_SEARCH_PATHS = Sources/CYaml/include;
				INFOPLIST_FILE = Yams.xcodeproj/YamsTests_Info.plist;
				LD_RUNPATH_SEARCH_PATHS = "@loader_path/../Frameworks";
				LIBRARY_SEARCH_PATHS = "$(PROJECT_TEMP_DIR)/SymlinkLibs/";
				OTHER_LDFLAGS = "$(inherited)";
				OTHER_SWIFT_FLAGS = "$(inherited)";
				SUPPORTED_PLATFORMS = macosx;
				SWIFT_ACTIVE_COMPILATION_CONDITIONS = "";
				SWIFT_VERSION = 3.0;
				TARGET_NAME = YamsTests;
			};
			name = Debug;
		};
		OBJ_57 /* Release */ = {
			isa = XCBuildConfiguration;
			buildSettings = {
				EMBEDDED_CONTENT_CONTAINS_SWIFT = YES;
				FRAMEWORK_SEARCH_PATHS = "$(PLATFORM_DIR)/Developer/Library/Frameworks";
				HEADER_SEARCH_PATHS = Sources/CYaml/include;
				INFOPLIST_FILE = Yams.xcodeproj/YamsTests_Info.plist;
				LD_RUNPATH_SEARCH_PATHS = "@loader_path/../Frameworks";
				LIBRARY_SEARCH_PATHS = "$(PROJECT_TEMP_DIR)/SymlinkLibs/";
				OTHER_LDFLAGS = "$(inherited)";
				OTHER_SWIFT_FLAGS = "$(inherited)";
				SUPPORTED_PLATFORMS = macosx;
				SWIFT_ACTIVE_COMPILATION_CONDITIONS = "";
				SWIFT_VERSION = 3.0;
				TARGET_NAME = YamsTests;
			};
			name = Release;
		};
/* End XCBuildConfiguration section */

/* Begin XCConfigurationList section */
		OBJ_2 /* Build configuration list for PBXProject "Yams" */ = {
			isa = XCConfigurationList;
			buildConfigurations = (
				OBJ_3 /* Debug */,
				OBJ_4 /* Release */,
			);
			defaultConfigurationIsVisible = 0;
			defaultConfigurationName = Debug;
		};
		OBJ_46 /* Build configuration list for PBXNativeTarget "Yams" */ = {
			isa = XCConfigurationList;
			buildConfigurations = (
				OBJ_47 /* Debug */,
				OBJ_48 /* Release */,
			);
			defaultConfigurationIsVisible = 0;
			defaultConfigurationName = Debug;
		};
		OBJ_55 /* Build configuration list for PBXNativeTarget "YamsTests" */ = {
			isa = XCConfigurationList;
			buildConfigurations = (
				OBJ_56 /* Debug */,
				OBJ_57 /* Release */,
			);
			defaultConfigurationIsVisible = 0;
			defaultConfigurationName = Debug;
		};
/* End XCConfigurationList section */
	};
	rootObject = OBJ_1 /* Project object */;
}
